schema: '2.0'
stages:
  stage01:
    cmd: python stage_01.py
    deps:
    - path: stage_01.py
      md5: f2f7a9a860319703428ad335a8b669a8
      size: 83
    outs:
    - path: artifacts01.txt
      md5: 7e6214bb528dd69609564aa1392a7e53
      size: 8
  stage02:
    cmd: python stage_02.py
    deps:
    - path: artifacts01.txt
      md5: 7e6214bb528dd69609564aa1392a7e53
      size: 8
    - path: stage_02.py
      md5: 6c9b5187884e6f172db6825741485df2
      size: 77
  stage_01:
    cmd: python stage_01.py
    deps:
    - path: stage_01.py
      md5: f2f7a9a860319703428ad335a8b669a8
      size: 83
    outs:
    - path: artifacts01.txt
      md5: 7e6214bb528dd69609564aa1392a7e53
      size: 8
  stage_03:
    cmd: python stage_03.py
    deps:
    - path: artifacts01.txt
      md5: 7e6214bb528dd69609564aa1392a7e53
      size: 8
    - path: stage_03.py
      md5: 63369fa541999f16cbe1b6b3cef5887d
      size: 181
    outs:
    - path: artifacts02.txt
      md5: 9493c6499e50baf24242945e44cae6cb
      size: 19
  stage_02:
    cmd: python stage_02.py
    deps:
    - path: artifacts01.txt
      md5: 7e6214bb528dd69609564aa1392a7e53
      size: 8
    - path: stage_02.py
      md5: 6c9b5187884e6f172db6825741485df2
      size: 77
